// !$*UTF8*$!
{
	archiveVersion = 1;
	classes = {
	};
	objectVersion = 56;
	objects = {

/* Begin PBXBuildFile section */
		4749C3EA290246CD00BFF7A6 /* UI_776App.swift in Sources */ = {isa = PBXBuildFile; fileRef = 4749C3E9290246CD00BFF7A6 /* UI_776App.swift */; };
		4749C3EC290246CD00BFF7A6 /* ContentView.swift in Sources */ = {isa = PBXBuildFile; fileRef = 4749C3EB290246CD00BFF7A6 /* ContentView.swift */; };
		4749C3EE290246CE00BFF7A6 /* Assets.xcassets in Resources */ = {isa = PBXBuildFile; fileRef = 4749C3ED290246CE00BFF7A6 /* Assets.xcassets */; };
		4749C3F1290246CE00BFF7A6 /* Preview Assets.xcassets in Resources */ = {isa = PBXBuildFile; fileRef = 4749C3F0290246CE00BFF7A6 /* Preview Assets.xcassets */; };
		4749C3FB290246CE00BFF7A6 /* UI_776Tests.swift in Sources */ = {isa = PBXBuildFile; fileRef = 4749C3FA290246CE00BFF7A6 /* UI_776Tests.swift */; };
		4749C405290246CE00BFF7A6 /* UI_776UITests.swift in Sources */ = {isa = PBXBuildFile; fileRef = 4749C404290246CE00BFF7A6 /* UI_776UITests.swift */; };
		4749C407290246CE00BFF7A6 /* UI_776UITestsLaunchTests.swift in Sources */ = {isa = PBXBuildFile; fileRef = 4749C406290246CE00BFF7A6 /* UI_776UITestsLaunchTests.swift */; };
		47CD1CFD2902492000550413 /* WorkSans-Regular.ttf in Resources */ = {isa = PBXBuildFile; fileRef = 47CD1CF92902492000550413 /* WorkSans-Regular.ttf */; };
		47CD1CFE2902492000550413 /* WorkSans-Medium.ttf in Resources */ = {isa = PBXBuildFile; fileRef = 47CD1CFA2902492000550413 /* WorkSans-Medium.ttf */; };
		47CD1CFF2902492000550413 /* WorkSans-SemiBold.ttf in Resources */ = {isa = PBXBuildFile; fileRef = 47CD1CFB2902492000550413 /* WorkSans-SemiBold.ttf */; };
		47CD1D002902492000550413 /* WorkSans-Bold.ttf in Resources */ = {isa = PBXBuildFile; fileRef = 47CD1CFC2902492000550413 /* WorkSans-Bold.ttf */; };
		47CD1D032902492D00550413 /* IntoroView.swift in Sources */ = {isa = PBXBuildFile; fileRef = 47CD1D022902492D00550413 /* IntoroView.swift */; };
		47CD1D062902493C00550413 /* Intoro.swift in Sources */ = {isa = PBXBuildFile; fileRef = 47CD1D052902493C00550413 /* Intoro.swift */; };
/* End PBXBuildFile section */

/* Begin PBXContainerItemProxy section */
		4749C3F7290246CE00BFF7A6 /* PBXContainerItemProxy */ = {
			isa = PBXContainerItemProxy;
			containerPortal = 4749C3DE290246CD00BFF7A6 /* Project object */;
			proxyType = 1;
			remoteGlobalIDString = 4749C3E5290246CD00BFF7A6;
			remoteInfo = "UI-776";
		};
		4749C401290246CE00BFF7A6 /* PBXContainerItemProxy */ = {
			isa = PBXContainerItemProxy;
			containerPortal = 4749C3DE290246CD00BFF7A6 /* Project object */;
			proxyType = 1;
			remoteGlobalIDString = 4749C3E5290246CD00BFF7A6;
			remoteInfo = "UI-776";
		};
/* End PBXContainerItemProxy section */

/* Begin PBXFileReference section */
		4749C3E6290246CD00BFF7A6 /* UI-776.app */ = {isa = PBXFileReference; explicitFileType = wrapper.application; includeInIndex = 0; path = "UI-776.app"; sourceTree = BUILT_PRODUCTS_DIR; };
		4749C3E9290246CD00BFF7A6 /* UI_776App.swift */ = {isa = PBXFileReference; lastKnownFileType = sourcecode.swift; path = UI_776App.swift; sourceTree = "<group>"; };
		4749C3EB290246CD00BFF7A6 /* ContentView.swift */ = {isa = PBXFileReference; lastKnownFileType = sourcecode.swift; path = ContentView.swift; sourceTree = "<group>"; };
		4749C3ED290246CE00BFF7A6 /* Assets.xcassets */ = {isa = PBXFileReference; lastKnownFileType = folder.assetcatalog; path = Assets.xcassets; sourceTree = "<group>"; };
		4749C3F0290246CE00BFF7A6 /* Preview Assets.xcassets */ = {isa = PBXFileReference; lastKnownFileType = folder.assetcatalog; path = "Preview Assets.xcassets"; sourceTree = "<group>"; };
		4749C3F6290246CE00BFF7A6 /* UI-776Tests.xctest */ = {isa = PBXFileReference; explicitFileType = wrapper.cfbundle; includeInIndex = 0; path = "UI-776Tests.xctest"; sourceTree = BUILT_PRODUCTS_DIR; };
		4749C3FA290246CE00BFF7A6 /* UI_776Tests.swift */ = {isa = PBXFileReference; lastKnownFileType = sourcecode.swift; path = UI_776Tests.swift; sourceTree = "<group>"; };
		4749C400290246CE00BFF7A6 /* UI-776UITests.xctest */ = {isa = PBXFileReference; explicitFileType = wrapper.cfbundle; includeInIndex = 0; path = "UI-776UITests.xctest"; sourceTree = BUILT_PRODUCTS_DIR; };
		4749C404290246CE00BFF7A6 /* UI_776UITests.swift */ = {isa = PBXFileReference; lastKnownFileType = sourcecode.swift; path = UI_776UITests.swift; sourceTree = "<group>"; };
		4749C406290246CE00BFF7A6 /* UI_776UITestsLaunchTests.swift */ = {isa = PBXFileReference; lastKnownFileType = sourcecode.swift; path = UI_776UITestsLaunchTests.swift; sourceTree = "<group>"; };
		47CD1CF92902492000550413 /* WorkSans-Regular.ttf */ = {isa = PBXFileReference; lastKnownFileType = file; path = "WorkSans-Regular.ttf"; sourceTree = "<group>"; };
		47CD1CFA2902492000550413 /* WorkSans-Medium.ttf */ = {isa = PBXFileReference; lastKnownFileType = file; path = "WorkSans-Medium.ttf"; sourceTree = "<group>"; };
		47CD1CFB2902492000550413 /* WorkSans-SemiBold.ttf */ = {isa = PBXFileReference; lastKnownFileType = file; path = "WorkSans-SemiBold.ttf"; sourceTree = "<group>"; };
		47CD1CFC2902492000550413 /* WorkSans-Bold.ttf */ = {isa = PBXFileReference; lastKnownFileType = file; path = "WorkSans-Bold.ttf"; sourceTree = "<group>"; };
		47CD1D022902492D00550413 /* IntoroView.swift */ = {isa = PBXFileReference; lastKnownFileType = sourcecode.swift; path = IntoroView.swift; sourceTree = "<group>"; };
		47CD1D052902493C00550413 /* Intoro.swift */ = {isa = PBXFileReference; lastKnownFileType = sourcecode.swift; path = Intoro.swift; sourceTree = "<group>"; };
		47CD1D072902498100550413 /* Info.plist */ = {isa = PBXFileReference; lastKnownFileType = text.plist; path = Info.plist; sourceTree = "<group>"; };
/* End PBXFileReference section */

/* Begin PBXFrameworksBuildPhase section */
		4749C3E3290246CD00BFF7A6 /* Frameworks */ = {
			isa = PBXFrameworksBuildPhase;
			buildActionMask = 2147483647;
			files = (
			);
			runOnlyForDeploymentPostprocessing = 0;
		};
		4749C3F3290246CE00BFF7A6 /* Frameworks */ = {
			isa = PBXFrameworksBuildPhase;
			buildActionMask = 2147483647;
			files = (
			);
			runOnlyForDeploymentPostprocessing = 0;
		};
		4749C3FD290246CE00BFF7A6 /* Frameworks */ = {
			isa = PBXFrameworksBuildPhase;
			buildActionMask = 2147483647;
			files = (
			);
			runOnlyForDeploymentPostprocessing = 0;
		};
/* End PBXFrameworksBuildPhase section */

/* Begin PBXGroup section */
		4749C3DD290246CD00BFF7A6 = {
			isa = PBXGroup;
			children = (
				4749C3E8290246CD00BFF7A6 /* UI-776 */,
				4749C3F9290246CE00BFF7A6 /* UI-776Tests */,
				4749C403290246CE00BFF7A6 /* UI-776UITests */,
				4749C3E7290246CD00BFF7A6 /* Products */,
			);
			sourceTree = "<group>";
		};
		4749C3E7290246CD00BFF7A6 /* Products */ = {
			isa = PBXGroup;
			children = (
				4749C3E6290246CD00BFF7A6 /* UI-776.app */,
				4749C3F6290246CE00BFF7A6 /* UI-776Tests.xctest */,
				4749C400290246CE00BFF7A6 /* UI-776UITests.xctest */,
			);
			name = Products;
			sourceTree = "<group>";
		};
		4749C3E8290246CD00BFF7A6 /* UI-776 */ = {
			isa = PBXGroup;
			children = (
				47CD1D072902498100550413 /* Info.plist */,
				47CD1D042902493300550413 /* Model */,
				47CD1D012902492200550413 /* View */,
				47CD1CF82902492000550413 /* Fonts */,
				4749C3E9290246CD00BFF7A6 /* UI_776App.swift */,
				4749C3EB290246CD00BFF7A6 /* ContentView.swift */,
				4749C3ED290246CE00BFF7A6 /* Assets.xcassets */,
				4749C3EF290246CE00BFF7A6 /* Preview Content */,
			);
			path = "UI-776";
			sourceTree = "<group>";
		};
		4749C3EF290246CE00BFF7A6 /* Preview Content */ = {
			isa = PBXGroup;
			children = (
				4749C3F0290246CE00BFF7A6 /* Preview Assets.xcassets */,
			);
			path = "Preview Content";
			sourceTree = "<group>";
		};
		4749C3F9290246CE00BFF7A6 /* UI-776Tests */ = {
			isa = PBXGroup;
			children = (
				4749C3FA290246CE00BFF7A6 /* UI_776Tests.swift */,
			);
			path = "UI-776Tests";
			sourceTree = "<group>";
		};
		4749C403290246CE00BFF7A6 /* UI-776UITests */ = {
			isa = PBXGroup;
			children = (
				4749C404290246CE00BFF7A6 /* UI_776UITests.swift */,
				4749C406290246CE00BFF7A6 /* UI_776UITestsLaunchTests.swift */,
			);
			path = "UI-776UITests";
			sourceTree = "<group>";
		};
		47CD1CF82902492000550413 /* Fonts */ = {
			isa = PBXGroup;
			children = (
				47CD1CF92902492000550413 /* WorkSans-Regular.ttf */,
				47CD1CFA2902492000550413 /* WorkSans-Medium.ttf */,
				47CD1CFB2902492000550413 /* WorkSans-SemiBold.ttf */,
				47CD1CFC2902492000550413 /* WorkSans-Bold.ttf */,
			);
			path = Fonts;
			sourceTree = "<group>";
		};
		47CD1D012902492200550413 /* View */ = {
			isa = PBXGroup;
			children = (
				47CD1D022902492D00550413 /* IntoroView.swift */,
			);
			path = View;
			sourceTree = "<group>";
		};
		47CD1D042902493300550413 /* Model */ = {
			isa = PBXGroup;
			children = (
				47CD1D052902493C00550413 /* Intoro.swift */,
			);
			path = Model;
			sourceTree = "<group>";
		};
/* End PBXGroup section */

/* Begin PBXNativeTarget section */
		4749C3E5290246CD00BFF7A6 /* UI-776 */ = {
			isa = PBXNativeTarget;
			buildConfigurationList = 4749C40A290246CE00BFF7A6 /* Build configuration list for PBXNativeTarget "UI-776" */;
			buildPhases = (
				4749C3E2290246CD00BFF7A6 /* Sources */,
				4749C3E3290246CD00BFF7A6 /* Frameworks */,
				4749C3E4290246CD00BFF7A6 /* Resources */,
			);
			buildRules = (
			);
			dependencies = (
			);
			name = "UI-776";
			productName = "UI-776";
			productReference = 4749C3E6290246CD00BFF7A6 /* UI-776.app */;
			productType = "com.apple.product-type.application";
		};
		4749C3F5290246CE00BFF7A6 /* UI-776Tests */ = {
			isa = PBXNativeTarget;
			buildConfigurationList = 4749C40D290246CE00BFF7A6 /* Build configuration list for PBXNativeTarget "UI-776Tests" */;
			buildPhases = (
				4749C3F2290246CE00BFF7A6 /* Sources */,
				4749C3F3290246CE00BFF7A6 /* Frameworks */,
				4749C3F4290246CE00BFF7A6 /* Resources */,
			);
			buildRules = (
			);
			dependencies = (
				4749C3F8290246CE00BFF7A6 /* PBXTargetDependency */,
			);
			name = "UI-776Tests";
			productName = "UI-776Tests";
			productReference = 4749C3F6290246CE00BFF7A6 /* UI-776Tests.xctest */;
			productType = "com.apple.product-type.bundle.unit-test";
		};
		4749C3FF290246CE00BFF7A6 /* UI-776UITests */ = {
			isa = PBXNativeTarget;
			buildConfigurationList = 4749C410290246CE00BFF7A6 /* Build configuration list for PBXNativeTarget "UI-776UITests" */;
			buildPhases = (
				4749C3FC290246CE00BFF7A6 /* Sources */,
				4749C3FD290246CE00BFF7A6 /* Frameworks */,
				4749C3FE290246CE00BFF7A6 /* Resources */,
			);
			buildRules = (
			);
			dependencies = (
				4749C402290246CE00BFF7A6 /* PBXTargetDependency */,
			);
			name = "UI-776UITests";
			productName = "UI-776UITests";
			productReference = 4749C400290246CE00BFF7A6 /* UI-776UITests.xctest */;
			productType = "com.apple.product-type.bundle.ui-testing";
		};
/* End PBXNativeTarget section */

/* Begin PBXProject section */
		4749C3DE290246CD00BFF7A6 /* Project object */ = {
			isa = PBXProject;
			attributes = {
				BuildIndependentTargetsInParallel = 1;
				LastSwiftUpdateCheck = 1410;
				LastUpgradeCheck = 1410;
				TargetAttributes = {
					4749C3E5290246CD00BFF7A6 = {
						CreatedOnToolsVersion = 14.1;
					};
					4749C3F5290246CE00BFF7A6 = {
						CreatedOnToolsVersion = 14.1;
						TestTargetID = 4749C3E5290246CD00BFF7A6;
					};
					4749C3FF290246CE00BFF7A6 = {
						CreatedOnToolsVersion = 14.1;
						TestTargetID = 4749C3E5290246CD00BFF7A6;
					};
				};
			};
			buildConfigurationList = 4749C3E1290246CD00BFF7A6 /* Build configuration list for PBXProject "UI-776" */;
			compatibilityVersion = "Xcode 14.0";
			developmentRegion = en;
			hasScannedForEncodings = 0;
			knownRegions = (
				en,
				Base,
			);
			mainGroup = 4749C3DD290246CD00BFF7A6;
			productRefGroup = 4749C3E7290246CD00BFF7A6 /* Products */;
			projectDirPath = "";
			projectRoot = "";
			targets = (
				4749C3E5290246CD00BFF7A6 /* UI-776 */,
				4749C3F5290246CE00BFF7A6 /* UI-776Tests */,
				4749C3FF290246CE00BFF7A6 /* UI-776UITests */,
			);
		};
/* End PBXProject section */

/* Begin PBXResourcesBuildPhase section */
		4749C3E4290246CD00BFF7A6 /* Resources */ = {
			isa = PBXResourcesBuildPhase;
			buildActionMask = 2147483647;
			files = (
				47CD1CFF2902492000550413 /* WorkSans-SemiBold.ttf in Resources */,
				47CD1CFD2902492000550413 /* WorkSans-Regular.ttf in Resources */,
				47CD1CFE2902492000550413 /* WorkSans-Medium.ttf in Resources */,
				4749C3F1290246CE00BFF7A6 /* Preview Assets.xcassets in Resources */,
				4749C3EE290246CE00BFF7A6 /* Assets.xcassets in Resources */,
				47CD1D002902492000550413 /* WorkSans-Bold.ttf in Resources */,
			);
			runOnlyForDeploymentPostprocessing = 0;
		};
		4749C3F4290246CE00BFF7A6 /* Resources */ = {
			isa = PBXResourcesBuildPhase;
			buildActionMask = 2147483647;
			files = (
			);
			runOnlyForDeploymentPostprocessing = 0;
		};
		4749C3FE290246CE00BFF7A6 /* Resources */ = {
			isa = PBXResourcesBuildPhase;
			buildActionMask = 2147483647;
			files = (
			);
			runOnlyForDeploymentPostprocessing = 0;
		};
/* End PBXResourcesBuildPhase section */

/* Begin PBXSourcesBuildPhase section */
		4749C3E2290246CD00BFF7A6 /* Sources */ = {
			isa = PBXSourcesBuildPhase;
			buildActionMask = 2147483647;
			files = (
				4749C3EC290246CD00BFF7A6 /* ContentView.swift in Sources */,
				47CD1D032902492D00550413 /* IntoroView.swift in Sources */,
				47CD1D062902493C00550413 /* Intoro.swift in Sources */,
				4749C3EA290246CD00BFF7A6 /* UI_776App.swift in Sources */,
			);
			runOnlyForDeploymentPostprocessing = 0;
		};
		4749C3F2290246CE00BFF7A6 /* Sources */ = {
			isa = PBXSourcesBuildPhase;
			buildActionMask = 2147483647;
			files = (
				4749C3FB290246CE00BFF7A6 /* UI_776Tests.swift in Sources */,
			);
			runOnlyForDeploymentPostprocessing = 0;
		};
		4749C3FC290246CE00BFF7A6 /* Sources */ = {
			isa = PBXSourcesBuildPhase;
			buildActionMask = 2147483647;
			files = (
				4749C405290246CE00BFF7A6 /* UI_776UITests.swift in Sources */,
				4749C407290246CE00BFF7A6 /* UI_776UITestsLaunchTests.swift in Sources */,
			);
			runOnlyForDeploymentPostprocessing = 0;
		};
/* End PBXSourcesBuildPhase section */

/* Begin PBXTargetDependency section */
		4749C3F8290246CE00BFF7A6 /* PBXTargetDependency */ = {
			isa = PBXTargetDependency;
			target = 4749C3E5290246CD00BFF7A6 /* UI-776 */;
			targetProxy = 4749C3F7290246CE00BFF7A6 /* PBXContainerItemProxy */;
		};
		4749C402290246CE00BFF7A6 /* PBXTargetDependency */ = {
			isa = PBXTargetDependency;
			target = 4749C3E5290246CD00BFF7A6 /* UI-776 */;
			targetProxy = 4749C401290246CE00BFF7A6 /* PBXContainerItemProxy */;
		};
/* End PBXTargetDependency section */

/* Begin XCBuildConfiguration section */
		4749C408290246CE00BFF7A6 /* Debug */ = {
			isa = XCBuildConfiguration;
			buildSettings = {
				ALWAYS_SEARCH_USER_PATHS = NO;
				CLANG_ANALYZER_NONNULL = YES;
				CLANG_ANALYZER_NUMBER_OBJECT_CONVERSION = YES_AGGRESSIVE;
				CLANG_CXX_LANGUAGE_STANDARD = "gnu++20";
				CLANG_ENABLE_MODULES = YES;
				CLANG_ENABLE_OBJC_ARC = YES;
				CLANG_ENABLE_OBJC_WEAK = YES;
				CLANG_WARN_BLOCK_CAPTURE_AUTORELEASING = YES;
				CLANG_WARN_BOOL_CONVERSION = YES;
				CLANG_WARN_COMMA = YES;
				CLANG_WARN_CONSTANT_CONVERSION = YES;
				CLANG_WARN_DEPRECATED_OBJC_IMPLEMENTATIONS = YES;
				CLANG_WARN_DIRECT_OBJC_ISA_USAGE = YES_ERROR;
				CLANG_WARN_DOCUMENTATION_COMMENTS = YES;
				CLANG_WARN_EMPTY_BODY = YES;
				CLANG_WARN_ENUM_CONVERSION = YES;
				CLANG_WARN_INFINITE_RECURSION = YES;
				CLANG_WARN_INT_CONVERSION = YES;
				CLANG_WARN_NON_LITERAL_NULL_CONVERSION = YES;
				CLANG_WARN_OBJC_IMPLICIT_RETAIN_SELF = YES;
				CLANG_WARN_OBJC_LITERAL_CONVERSION = YES;
				CLANG_WARN_OBJC_ROOT_CLASS = YES_ERROR;
				CLANG_WARN_QUOTED_INCLUDE_IN_FRAMEWORK_HEADER = YES;
				CLANG_WARN_RANGE_LOOP_ANALYSIS = YES;
				CLANG_WARN_STRICT_PROTOTYPES = YES;
				CLANG_WARN_SUSPICIOUS_MOVE = YES;
				CLANG_WARN_UNGUARDED_AVAILABILITY = YES_AGGRESSIVE;
				CLANG_WARN_UNREACHABLE_CODE = YES;
				CLANG_WARN__DUPLICATE_METHOD_MATCH = YES;
				COPY_PHASE_STRIP = NO;
				DEBUG_INFORMATION_FORMAT = dwarf;
				ENABLE_STRICT_OBJC_MSGSEND = YES;
				ENABLE_TESTABILITY = YES;
				GCC_C_LANGUAGE_STANDARD = gnu11;
				GCC_DYNAMIC_NO_PIC = NO;
				GCC_NO_COMMON_BLOCKS = YES;
				GCC_OPTIMIZATION_LEVEL = 0;
				GCC_PREPROCESSOR_DEFINITIONS = (
					"DEBUG=1",
					"$(inherited)",
				);
				GCC_WARN_64_TO_32_BIT_CONVERSION = YES;
				GCC_WARN_ABOUT_RETURN_TYPE = YES_ERROR;
				GCC_WARN_UNDECLARED_SELECTOR = YES;
				GCC_WARN_UNINITIALIZED_AUTOS = YES_AGGRESSIVE;
				GCC_WARN_UNUSED_FUNCTION = YES;
				GCC_WARN_UNUSED_VARIABLE = YES;
				IPHONEOS_DEPLOYMENT_TARGET = 16.1;
				MTL_ENABLE_DEBUG_INFO = INCLUDE_SOURCE;
				MTL_FAST_MATH = YES;
				ONLY_ACTIVE_ARCH = YES;
				SDKROOT = iphoneos;
				SWIFT_ACTIVE_COMPILATION_CONDITIONS = DEBUG;
				SWIFT_OPTIMIZATION_LEVEL = "-Onone";
			};
			name = Debug;
		};
		4749C409290246CE00BFF7A6 /* Release */ = {
			isa = XCBuildConfiguration;
			buildSettings = {
				ALWAYS_SEARCH_USER_PATHS = NO;
				CLANG_ANALYZER_NONNULL = YES;
				CLANG_ANALYZER_NUMBER_OBJECT_CONVERSION = YES_AGGRESSIVE;
				CLANG_CXX_LANGUAGE_STANDARD = "gnu++20";
				CLANG_ENABLE_MODULES = YES;
				CLANG_ENABLE_OBJC_ARC = YES;
				CLANG_ENABLE_OBJC_WEAK = YES;
				CLANG_WARN_BLOCK_CAPTURE_AUTORELEASING = YES;
				CLANG_WARN_BOOL_CONVERSION = YES;
				CLANG_WARN_COMMA = YES;
				CLANG_WARN_CONSTANT_CONVERSION = YES;
				CLANG_WARN_DEPRECATED_OBJC_IMPLEMENTATIONS = YES;
				CLANG_WARN_DIRECT_OBJC_ISA_USAGE = YES_ERROR;
				CLANG_WARN_DOCUMENTATION_COMMENTS = YES;
				CLANG_WARN_EMPTY_BODY = YES;
				CLANG_WARN_ENUM_CONVERSION = YES;
				CLANG_WARN_INFINITE_RECURSION = YES;
				CLANG_WARN_INT_CONVERSION = YES;
				CLANG_WARN_NON_LITERAL_NULL_CONVERSION = YES;
				CLANG_WARN_OBJC_IMPLICIT_RETAIN_SELF = YES;
				CLANG_WARN_OBJC_LITERAL_CONVERSION = YES;
				CLANG_WARN_OBJC_ROOT_CLASS = YES_ERROR;
				CLANG_WARN_QUOTED_INCLUDE_IN_FRAMEWORK_HEADER = YES;
				CLANG_WARN_RANGE_LOOP_ANALYSIS = YES;
				CLANG_WARN_STRICT_PROTOTYPES = YES;
				CLANG_WARN_SUSPICIOUS_MOVE = YES;
				CLANG_WARN_UNGUARDED_AVAILABILITY = YES_AGGRESSIVE;
				CLANG_WARN_UNREACHABLE_CODE = YES;
				CLANG_WARN__DUPLICATE_METHOD_MATCH = YES;
				COPY_PHASE_STRIP = NO;
				DEBUG_INFORMATION_FORMAT = "dwarf-with-dsym";
				ENABLE_NS_ASSERTIONS = NO;
				ENABLE_STRICT_OBJC_MSGSEND = YES;
				GCC_C_LANGUAGE_STANDARD = gnu11;
				GCC_NO_COMMON_BLOCKS = YES;
				GCC_WARN_64_TO_32_BIT_CONVERSION = YES;
				GCC_WARN_ABOUT_RETURN_TYPE = YES_ERROR;
				GCC_WARN_UNDECLARED_SELECTOR = YES;
				GCC_WARN_UNINITIALIZED_AUTOS = YES_AGGRESSIVE;
				GCC_WARN_UNUSED_FUNCTION = YES;
				GCC_WARN_UNUSED_VARIABLE = YES;
				IPHONEOS_DEPLOYMENT_TARGET = 16.1;
				MTL_ENABLE_DEBUG_INFO = NO;
				MTL_FAST_MATH = YES;
				SDKROOT = iphoneos;
				SWIFT_COMPILATION_MODE = wholemodule;
				SWIFT_OPTIMIZATION_LEVEL = "-O";
				VALIDATE_PRODUCT = YES;
			};
			name = Release;
		};
		4749C40B290246CE00BFF7A6 /* Debug */ = {
			isa = XCBuildConfiguration;
			buildSettings = {
				ASSETCATALOG_COMPILER_APPICON_NAME = AppIcon;
				ASSETCATALOG_COMPILER_GLOBAL_ACCENT_COLOR_NAME = AccentColor;
				CODE_SIGN_STYLE = Automatic;
				CURRENT_PROJECT_VERSION = 1;
				DEVELOPMENT_ASSET_PATHS = "\"UI-776/Preview Content\"";
				DEVELOPMENT_TEAM = 8CL4U468K5;
				ENABLE_PREVIEWS = YES;
				GENERATE_INFOPLIST_FILE = YES;
				INFOPLIST_FILE = "UI-776/Info.plist";
				INFOPLIST_KEY_UIApplicationSceneManifest_Generation = YES;
				INFOPLIST_KEY_UIApplicationSupportsIndirectInputEvents = YES;
				INFOPLIST_KEY_UILaunchScreen_Generation = YES;
				INFOPLIST_KEY_UISupportedInterfaceOrientations_iPad = "UIInterfaceOrientationPortrait UIInterfaceOrientationPortraitUpsideDown UIInterfaceOrientationLandscapeLeft UIInterfaceOrientationLandscapeRight";
				INFOPLIST_KEY_UISupportedInterfaceOrientations_iPhone = "UIInterfaceOrientationPortrait UIInterfaceOrientationLandscapeLeft UIInterfaceOrientationLandscapeRight";
				LD_RUNPATH_SEARCH_PATHS = (
					"$(inherited)",
					"@executable_path/Frameworks",
				);
				MARKETING_VERSION = 1.0;
				PRODUCT_BUNDLE_IDENTIFIER = "com.585.UI-776";
				PRODUCT_NAME = "$(TARGET_NAME)";
				SWIFT_EMIT_LOC_STRINGS = YES;
				SWIFT_VERSION = 5.0;
				TARGETED_DEVICE_FAMILY = "1,2";
			};
			name = Debug;
		};
		4749C40C290246CE00BFF7A6 /* Release */ = {
			isa = XCBuildConfiguration;
			buildSettings = {
				ASSETCATALOG_COMPILER_APPICON_NAME = AppIcon;
				ASSETCATALOG_COMPILER_GLOBAL_ACCENT_COLOR_NAME = AccentColor;
				CODE_SIGN_STYLE = Automatic;
				CURRENT_PROJECT_VERSION = 1;
				DEVELOPMENT_ASSET_PATHS = "\"UI-776/Preview Content\"";
				DEVELOPMENT_TEAM = 8CL4U468K5;
				ENABLE_PREVIEWS = YES;
				GENERATE_INFOPLIST_FILE = YES;
				INFOPLIST_FILE = "UI-776/Info.plist";
				INFOPLIST_KEY_UIApplicationSceneManifest_Generation = YES;
				INFOPLIST_KEY_UIApplicationSupportsIndirectInputEvents = YES;
				INFOPLIST_KEY_UILaunchScreen_Generation = YES;
				INFOPLIST_KEY_UISupportedInterfaceOrientations_iPad = "UIInterfaceOrientationPortrait UIInterfaceOrientationPortraitUpsideDown UIInterfaceOrientationLandscapeLeft UIInterfaceOrientationLandscapeRight";
				INFOPLIST_KEY_UISupportedInterfaceOrientations_iPhone = "UIInterfaceOrientationPortrait UIInterfaceOrientationLandscapeLeft UIInterfaceOrientationLandscapeRight";
				LD_RUNPATH_SEARCH_PATHS = (
					"$(inherited)",
					"@executable_path/Frameworks",
				);
				MARKETING_VERSION = 1.0;
				PRODUCT_BUNDLE_IDENTIFIER = "com.585.UI-776";
				PRODUCT_NAME = "$(TARGET_NAME)";
				SWIFT_EMIT_LOC_STRINGS = YES;
				SWIFT_VERSION = 5.0;
				TARGETED_DEVICE_FAMILY = "1,2";
			};
			name = Release;
		};
		4749C40E290246CE00BFF7A6 /* Debug */ = {
			isa = XCBuildConfiguration;
			buildSettings = {
				ALWAYS_EMBED_SWIFT_STANDARD_LIBRARIES = YES;
				BUNDLE_LOADER = "$(TEST_HOST)";
				CODE_SIGN_STYLE = Automatic;
				CURRENT_PROJECT_VERSION = 1;
				DEVELOPMENT_TEAM = 8CL4U468K5;
				GENERATE_INFOPLIST_FILE = YES;
				IPHONEOS_DEPLOYMENT_TARGET = 16.1;
				MARKETING_VERSION = 1.0;
				PRODUCT_BUNDLE_IDENTIFIER = "com.585.UI-776Tests";
				PRODUCT_NAME = "$(TARGET_NAME)";
				SWIFT_EMIT_LOC_STRINGS = NO;
				SWIFT_VERSION = 5.0;
				TARGETED_DEVICE_FAMILY = "1,2";
				TEST_HOST = "$(BUILT_PRODUCTS_DIR)/UI-776.app/$(BUNDLE_EXECUTABLE_FOLDER_PATH)/UI-776";
			};
			name = Debug;
		};
		4749C40F290246CE00BFF7A6 /* Release */ = {
			isa = XCBuildConfiguration;
			buildSettings = {
				ALWAYS_EMBED_SWIFT_STANDARD_LIBRARIES = YES;
				BUNDLE_LOADER = "$(TEST_HOST)";
				CODE_SIGN_STYLE = Automatic;
				CURRENT_PROJECT_VERSION = 1;
				DEVELOPMENT_TEAM = 8CL4U468K5;
				GENERATE_INFOPLIST_FILE = YES;
				IPHONEOS_DEPLOYMENT_TARGET = 16.1;
				MARKETING_VERSION = 1.0;
				PRODUCT_BUNDLE_IDENTIFIER = "com.585.UI-776Tests";
				PRODUCT_NAME = "$(TARGET_NAME)";
				SWIFT_EMIT_LOC_STRINGS = NO;
				SWIFT_VERSION = 5.0;
				TARGETED_DEVICE_FAMILY = "1,2";
				TEST_HOST = "$(BUILT_PRODUCTS_DIR)/UI-776.app/$(BUNDLE_EXECUTABLE_FOLDER_PATH)/UI-776";
			};
			name = Release;
		};
		4749C411290246CE00BFF7A6 /* Debug */ = {
			isa = XCBuildConfiguration;
			buildSettings = {
				ALWAYS_EMBED_SWIFT_STANDARD_LIBRARIES = YES;
				CODE_SIGN_STYLE = Automatic;
				CURRENT_PROJECT_VERSION = 1;
				DEVELOPMENT_TEAM = 8CL4U468K5;
				GENERATE_INFOPLIST_FILE = YES;
				MARKETING_VERSION = 1.0;
				PRODUCT_BUNDLE_IDENTIFIER = "com.585.UI-776UITests";
				PRODUCT_NAME = "$(TARGET_NAME)";
				SWIFT_EMIT_LOC_STRINGS = NO;
				SWIFT_VERSION = 5.0;
				TARGETED_DEVICE_FAMILY = "1,2";
				TEST_TARGET_NAME = "UI-776";
			};
			name = Debug;
		};
		4749C412290246CE00BFF7A6 /* Release */ = {
			isa = XCBuildConfiguration;
			buildSettings = {
				ALWAYS_EMBED_SWIFT_STANDARD_LIBRARIES = YES;
				CODE_SIGN_STYLE = Automatic;
				CURRENT_PROJECT_VERSION = 1;
				DEVELOPMENT_TEAM = 8CL4U468K5;
				GENERATE_INFOPLIST_FILE = YES;
				MARKETING_VERSION = 1.0;
				PRODUCT_BUNDLE_IDENTIFIER = "com.585.UI-776UITests";
				PRODUCT_NAME = "$(TARGET_NAME)";
				SWIFT_EMIT_LOC_STRINGS = NO;
				SWIFT_VERSION = 5.0;
				TARGETED_DEVICE_FAMILY = "1,2";
				TEST_TARGET_NAME = "UI-776";
			};
			name = Release;
		};
/* End XCBuildConfiguration section */

/* Begin XCConfigurationList section */
		4749C3E1290246CD00BFF7A6 /* Build configuration list for PBXProject "UI-776" */ = {
			isa = XCConfigurationList;
			buildConfigurations = (
				4749C408290246CE00BFF7A6 /* Debug */,
				4749C409290246CE00BFF7A6 /* Release */,
			);
			defaultConfigurationIsVisible = 0;
			defaultConfigurationName = Release;
		};
		4749C40A290246CE00BFF7A6 /* Build configuration list for PBXNativeTarget "UI-776" */ = {
			isa = XCConfigurationList;
			buildConfigurations = (
				4749C40B290246CE00BFF7A6 /* Debug */,
				4749C40C290246CE00BFF7A6 /* Release */,
			);
			defaultConfigurationIsVisible = 0;
			defaultConfigurationName = Release;
		};
		4749C40D290246CE00BFF7A6 /* Build configuration list for PBXNativeTarget "UI-776Tests" */ = {
			isa = XCConfigurationList;
			buildConfigurations = (
				4749C40E290246CE00BFF7A6 /* Debug */,
				4749C40F290246CE00BFF7A6 /* Release */,
			);
			defaultConfigurationIsVisible = 0;
			defaultConfigurationName = Release;
		};
		4749C410290246CE00BFF7A6 /* Build configuration list for PBXNativeTarget "UI-776UITests" */ = {
			isa = XCConfigurationList;
			buildConfigurations = (
				4749C411290246CE00BFF7A6 /* Debug */,
				4749C412290246CE00BFF7A6 /* Release */,
			);
			defaultConfigurationIsVisible = 0;
			defaultConfigurationName = Release;
		};
/* End XCConfigurationList section */
	};
	rootObject = 4749C3DE290246CD00BFF7A6 /* Project object */;
}
